
Microsoft Visual Studio Solution File, Format Version 12.00
# Visual Studio Version 17
VisualStudioVersion = 17.11.35219.272
MinimumVisualStudioVersion = 10.0.40219.1
Project("{2150E333-8FDC-42A3-9474-1A3956D46DE8}") = "src", "src", "{3F4F56AA-C1F8-4E3F-ADAA-C17174E49F6F}"
EndProject
Project("{2150E333-8FDC-42A3-9474-1A3956D46DE8}") = "1. DistributionLayer", "1. DistributionLayer", "{7C0CDAC0-FB5E-4EF8-B76D-914E0D8D87BF}"
EndProject
Project("{2150E333-8FDC-42A3-9474-1A3956D46DE8}") = "2. ApplicationLayer", "2. ApplicationLayer", "{CECAF9EA-3702-43AA-ACA2-F7FC5211D62F}"
EndProject
Project("{2150E333-8FDC-42A3-9474-1A3956D46DE8}") = "3. DomainLayer", "3. DomainLayer", "{777CC32D-544F-4937-BF5D-7D6B24250927}"
EndProject
Project("{2150E333-8FDC-42A3-9474-1A3956D46DE8}") = "4. InfrastructureLayer", "4. InfrastructureLayer", "{3A19E498-90CD-455A-AF97-73B009EA8CD7}"
EndProject
Project("{2150E333-8FDC-42A3-9474-1A3956D46DE8}") = "tests", "tests", "{0B93DA00-28F7-41E9-951A-38B655532199}"
EndProject
Project("{9A19103F-16F7-4668-BE54-9A1E7A4F7556}") = "DailyCashFlow.Unit.Tests", "tests\DailyCashFlow.Unit.Tests\DailyCashFlow.Unit.Tests.csproj", "{06614767-ECC8-44B3-82F9-78DF28781F8E}"
EndProject
Project("{9A19103F-16F7-4668-BE54-9A1E7A4F7556}") = "DailyCashFlow.WebApi", "src\DailyCashFlow.WebApi\DailyCashFlow.WebApi.csproj", "{BC681C71-E3DB-4749-B9B3-F68F9A09AD97}"
EndProject
Project("{9A19103F-16F7-4668-BE54-9A1E7A4F7556}") = "DailyCashFlow.Auth", "src\DailyCashFlow.Auth\DailyCashFlow.Auth.csproj", "{0535B06E-D52D-4C07-8163-B167141A2E75}"
EndProject
Project("{9A19103F-16F7-4668-BE54-9A1E7A4F7556}") = "DailyCashFlow.Application", "src\DailyCashFlow.Application\DailyCashFlow.Application.csproj", "{82FC2476-618F-4B86-A672-7DD4456D323D}"
EndProject
Project("{9A19103F-16F7-4668-BE54-9A1E7A4F7556}") = "DailyCashFlow.Domain", "src\DailyCashFlow.Domain\DailyCashFlow.Domain.csproj", "{9D70DFF0-C2D3-444E-B3E4-9618B1C0F6FD}"
EndProject
Project("{9A19103F-16F7-4668-BE54-9A1E7A4F7556}") = "DailyCashFlow.Infra", "src\DailyCashFlow.Infra\DailyCashFlow.Infra.csproj", "{0B594F41-A821-407D-B284-CFB796B45A5B}"
EndProject
Project("{9A19103F-16F7-4668-BE54-9A1E7A4F7556}") = "DailyCashFlow.Infra.Data", "src\DailyCashFlow.Infra.Data\DailyCashFlow.Infra.Data.csproj", "{0304FF65-5FE4-46FE-8FF1-09E92BD76E91}"
EndProject
Project("{9A19103F-16F7-4668-BE54-9A1E7A4F7556}") = "DailyCashFlow.WebApi.Integration.Tests", "tests\DailyCashFlow.WebApi.Integration.Tests\DailyCashFlow.WebApi.Integration.Tests.csproj", "{1E532DC5-2215-4013-AAAE-6EF9F94B7C7F}"
EndProject
Project("{9A19103F-16F7-4668-BE54-9A1E7A4F7556}") = "DailyCashFlow.Common.Tests", "tests\DailyCashFlow.Common.Tests\DailyCashFlow.Common.Tests.csproj", "{91F12CC9-8F9F-4CE4-A829-22538087E2DB}"
EndProject
Project("{9A19103F-16F7-4668-BE54-9A1E7A4F7556}") = "DailyCashFlow.Auth.Integration.Tests", "tests\DailyCashFlow.Auth.Integration.Tests\DailyCashFlow.Auth.Integration.Tests.csproj", "{34FE38E3-8B49-446D-81BC-1A17A314DB59}"
EndProject
Project("{9A19103F-16F7-4668-BE54-9A1E7A4F7556}") = "DailyCashFlow.Processor", "src\DailyCashFlow.Processor\DailyCashFlow.Processor.csproj", "{8A3655C4-C97B-444D-959A-AFA4C9491D2B}"
EndProject
Global
	GlobalSection(SolutionConfigurationPlatforms) = preSolution
		Debug|Any CPU = Debug|Any CPU
		Release|Any CPU = Release|Any CPU
	EndGlobalSection
	GlobalSection(ProjectConfigurationPlatforms) = postSolution
		{06614767-ECC8-44B3-82F9-78DF28781F8E}.Debug|Any CPU.ActiveCfg = Debug|Any CPU
		{06614767-ECC8-44B3-82F9-78DF28781F8E}.Debug|Any CPU.Build.0 = Debug|Any CPU
		{06614767-ECC8-44B3-82F9-78DF28781F8E}.Release|Any CPU.ActiveCfg = Release|Any CPU
		{06614767-ECC8-44B3-82F9-78DF28781F8E}.Release|Any CPU.Build.0 = Release|Any CPU
		{BC681C71-E3DB-4749-B9B3-F68F9A09AD97}.Debug|Any CPU.ActiveCfg = Debug|Any CPU
		{BC681C71-E3DB-4749-B9B3-F68F9A09AD97}.Debug|Any CPU.Build.0 = Debug|Any CPU
		{BC681C71-E3DB-4749-B9B3-F68F9A09AD97}.Release|Any CPU.ActiveCfg = Release|Any CPU
		{BC681C71-E3DB-4749-B9B3-F68F9A09AD97}.Release|Any CPU.Build.0 = Release|Any CPU
		{0535B06E-D52D-4C07-8163-B167141A2E75}.Debug|Any CPU.ActiveCfg = Debug|Any CPU
		{0535B06E-D52D-4C07-8163-B167141A2E75}.Debug|Any CPU.Build.0 = Debug|Any CPU
		{0535B06E-D52D-4C07-8163-B167141A2E75}.Release|Any CPU.ActiveCfg = Release|Any CPU
		{0535B06E-D52D-4C07-8163-B167141A2E75}.Release|Any CPU.Build.0 = Release|Any CPU
		{82FC2476-618F-4B86-A672-7DD4456D323D}.Debug|Any CPU.ActiveCfg = Debug|Any CPU
		{82FC2476-618F-4B86-A672-7DD4456D323D}.Debug|Any CPU.Build.0 = Debug|Any CPU
		{82FC2476-618F-4B86-A672-7DD4456D323D}.Release|Any CPU.ActiveCfg = Release|Any CPU
		{82FC2476-618F-4B86-A672-7DD4456D323D}.Release|Any CPU.Build.0 = Release|Any CPU
		{9D70DFF0-C2D3-444E-B3E4-9618B1C0F6FD}.Debug|Any CPU.ActiveCfg = Debug|Any CPU
		{9D70DFF0-C2D3-444E-B3E4-9618B1C0F6FD}.Debug|Any CPU.Build.0 = Debug|Any CPU
		{9D70DFF0-C2D3-444E-B3E4-9618B1C0F6FD}.Release|Any CPU.ActiveCfg = Release|Any CPU
		{9D70DFF0-C2D3-444E-B3E4-9618B1C0F6FD}.Release|Any CPU.Build.0 = Release|Any CPU
		{0B594F41-A821-407D-B284-CFB796B45A5B}.Debug|Any CPU.ActiveCfg = Debug|Any CPU
		{0B594F41-A821-407D-B284-CFB796B45A5B}.Debug|Any CPU.Build.0 = Debug|Any CPU
		{0B594F41-A821-407D-B284-CFB796B45A5B}.Release|Any CPU.ActiveCfg = Release|Any CPU
		{0B594F41-A821-407D-B284-CFB796B45A5B}.Release|Any CPU.Build.0 = Release|Any CPU
		{0304FF65-5FE4-46FE-8FF1-09E92BD76E91}.Debug|Any CPU.ActiveCfg = Debug|Any CPU
		{0304FF65-5FE4-46FE-8FF1-09E92BD76E91}.Debug|Any CPU.Build.0 = Debug|Any CPU
		{0304FF65-5FE4-46FE-8FF1-09E92BD76E91}.Release|Any CPU.ActiveCfg = Release|Any CPU
		{0304FF65-5FE4-46FE-8FF1-09E92BD76E91}.Release|Any CPU.Build.0 = Release|Any CPU
		{1E532DC5-2215-4013-AAAE-6EF9F94B7C7F}.Debug|Any CPU.ActiveCfg = Debug|Any CPU
		{1E532DC5-2215-4013-AAAE-6EF9F94B7C7F}.Debug|Any CPU.Build.0 = Debug|Any CPU
		{1E532DC5-2215-4013-AAAE-6EF9F94B7C7F}.Release|Any CPU.ActiveCfg = Release|Any CPU
		{1E532DC5-2215-4013-AAAE-6EF9F94B7C7F}.Release|Any CPU.Build.0 = Release|Any CPU
		{91F12CC9-8F9F-4CE4-A829-22538087E2DB}.Debug|Any CPU.ActiveCfg = Debug|Any CPU
		{91F12CC9-8F9F-4CE4-A829-22538087E2DB}.Debug|Any CPU.Build.0 = Debug|Any CPU
		{91F12CC9-8F9F-4CE4-A829-22538087E2DB}.Release|Any CPU.ActiveCfg = Release|Any CPU
		{91F12CC9-8F9F-4CE4-A829-22538087E2DB}.Release|Any CPU.Build.0 = Release|Any CPU
		{34FE38E3-8B49-446D-81BC-1A17A314DB59}.Debug|Any CPU.ActiveCfg = Debug|Any CPU
		{34FE38E3-8B49-446D-81BC-1A17A314DB59}.Debug|Any CPU.Build.0 = Debug|Any CPU
		{34FE38E3-8B49-446D-81BC-1A17A314DB59}.Release|Any CPU.ActiveCfg = Release|Any CPU
		{34FE38E3-8B49-446D-81BC-1A17A314DB59}.Release|Any CPU.Build.0 = Release|Any CPU
		{8A3655C4-C97B-444D-959A-AFA4C9491D2B}.Debug|Any CPU.ActiveCfg = Debug|Any CPU
		{8A3655C4-C97B-444D-959A-AFA4C9491D2B}.Debug|Any CPU.Build.0 = Debug|Any CPU
		{8A3655C4-C97B-444D-959A-AFA4C9491D2B}.Release|Any CPU.ActiveCfg = Release|Any CPU
		{8A3655C4-C97B-444D-959A-AFA4C9491D2B}.Release|Any CPU.Build.0 = Release|Any CPU
	EndGlobalSection
	GlobalSection(SolutionProperties) = preSolution
		HideSolutionNode = FALSE
	EndGlobalSection
	GlobalSection(NestedProjects) = preSolution
		{7C0CDAC0-FB5E-4EF8-B76D-914E0D8D87BF} = {3F4F56AA-C1F8-4E3F-ADAA-C17174E49F6F}
		{CECAF9EA-3702-43AA-ACA2-F7FC5211D62F} = {3F4F56AA-C1F8-4E3F-ADAA-C17174E49F6F}
		{777CC32D-544F-4937-BF5D-7D6B24250927} = {3F4F56AA-C1F8-4E3F-ADAA-C17174E49F6F}
		{3A19E498-90CD-455A-AF97-73B009EA8CD7} = {3F4F56AA-C1F8-4E3F-ADAA-C17174E49F6F}
		{06614767-ECC8-44B3-82F9-78DF28781F8E} = {0B93DA00-28F7-41E9-951A-38B655532199}
		{BC681C71-E3DB-4749-B9B3-F68F9A09AD97} = {7C0CDAC0-FB5E-4EF8-B76D-914E0D8D87BF}
		{0535B06E-D52D-4C07-8163-B167141A2E75} = {7C0CDAC0-FB5E-4EF8-B76D-914E0D8D87BF}
		{82FC2476-618F-4B86-A672-7DD4456D323D} = {CECAF9EA-3702-43AA-ACA2-F7FC5211D62F}
		{9D70DFF0-C2D3-444E-B3E4-9618B1C0F6FD} = {777CC32D-544F-4937-BF5D-7D6B24250927}
		{0B594F41-A821-407D-B284-CFB796B45A5B} = {3A19E498-90CD-455A-AF97-73B009EA8CD7}
		{0304FF65-5FE4-46FE-8FF1-09E92BD76E91} = {3A19E498-90CD-455A-AF97-73B009EA8CD7}
		{1E532DC5-2215-4013-AAAE-6EF9F94B7C7F} = {0B93DA00-28F7-41E9-951A-38B655532199}
		{91F12CC9-8F9F-4CE4-A829-22538087E2DB} = {0B93DA00-28F7-41E9-951A-38B655532199}
		{34FE38E3-8B49-446D-81BC-1A17A314DB59} = {0B93DA00-28F7-41E9-951A-38B655532199}
		{8A3655C4-C97B-444D-959A-AFA4C9491D2B} = {7C0CDAC0-FB5E-4EF8-B76D-914E0D8D87BF}
	EndGlobalSection
	GlobalSection(ExtensibilityGlobals) = postSolution
		SolutionGuid = {5557F393-58C7-4951-9CEB-E24574B29D7C}
	EndGlobalSection
EndGlobal
